Microsoft Visual Studio Solution File, Format Version 1.00Project("{66355F20-A65B-11D0-BFB5-00A0C91EBFA0}") = "Lemonnier", "Lemonnier.vjp", "{7BA763A1-4FDD-11D2-A256-E90DEE89C529}"EndProjectGlobal	GlobalSection(LocalDeployment) = postSolution		StartupProject = {7BA763A1-4FDD-11D2-A256-E90DEE89C529}	EndGlobalSection	GlobalSection(BuildOrder) = postSolution		0 = {7BA763A1-4FDD-11D2-A256-E90DEE89C529}	EndGlobalSection	GlobalSection(DeploymentRoot) = postSolution	EndGlobalSectionEndGlobal